
Microsoft Visual Studio Solution File, Format Version 12.00
# Visual Studio 15
Project("{FAE04EC0-301F-11D3-BF4B-00C04F79EFBC}") = "UnityEngine.TestRunner", "UnityEngine.TestRunner.csproj", "{BEFC032F-1DA0-3136-C0F2-6E943FAFF914}"
EndProject
Project("{FAE04EC0-301F-11D3-BF4B-00C04F79EFBC}") = "UnityEngine.UI", "UnityEngine.UI.csproj", "{AD35B0E5-83CE-A5E4-6468-0FB4919BCA0A}"
EndProject
Project("{FAE04EC0-301F-11D3-BF4B-00C04F79EFBC}") = "Unity.TextMeshPro", "Unity.TextMeshPro.csproj", "{627C4852-2986-C8AB-9E04-5A44E9D78C44}"
EndProject
Project("{FAE04EC0-301F-11D3-BF4B-00C04F79EFBC}") = "Unity.Timeline", "Unity.Timeline.csproj", "{D6535FE4-25DD-F939-7831-834964FF5D20}"
EndProject
Project("{FAE04EC0-301F-11D3-BF4B-00C04F79EFBC}") = "Assembly-CSharp", "Assembly-CSharp.csproj", "{8312B0E5-53F2-8AA5-0C82-3D1680C12310}"
EndProject
Project("{FAE04EC0-301F-11D3-BF4B-00C04F79EFBC}") = "UnityEditor.TestRunner", "UnityEditor.TestRunner.csproj", "{FBD5C0B0-AC56-A059-D68B-225AA34E1FDE}"
EndProject
Project("{FAE04EC0-301F-11D3-BF4B-00C04F79EFBC}") = "Unity.TextMeshPro.Editor", "Unity.TextMeshPro.Editor.csproj", "{4565893A-5D88-76ED-52BA-7F646C93AA0D}"
EndProject
Project("{FAE04EC0-301F-11D3-BF4B-00C04F79EFBC}") = "Unity.Timeline.Editor", "Unity.Timeline.Editor.csproj", "{EB8FE94D-05B4-52F8-81C2-3B77B09E332C}"
EndProject
Project("{FAE04EC0-301F-11D3-BF4B-00C04F79EFBC}") = "UnityEditor.UI", "UnityEditor.UI.csproj", "{EE450CBF-04D6-A46F-8B21-58D9081B3DAC}"
EndProject
Project("{FAE04EC0-301F-11D3-BF4B-00C04F79EFBC}") = "Unity.Rider.Editor", "Unity.Rider.Editor.csproj", "{A687AD35-AFCC-98D0-CBDA-56D854949D34}"
EndProject
Project("{FAE04EC0-301F-11D3-BF4B-00C04F79EFBC}") = "Unity.CollabProxy.Editor", "Unity.CollabProxy.Editor.csproj", "{0AA0DD4A-523D-4CCC-14D3-BAA2F30EFA8F}"
EndProject
Project("{FAE04EC0-301F-11D3-BF4B-00C04F79EFBC}") = "Unity.VSCode.Editor", "Unity.VSCode.Editor.csproj", "{61F0AACC-62E8-0ED4-A7C9-77A18371AE6B}"
EndProject
Project("{FAE04EC0-301F-11D3-BF4B-00C04F79EFBC}") = "Assembly-CSharp.Player", "Assembly-CSharp.Player.csproj", "{6066E543-6188-A440-E372-875A7F02E00F}"
EndProject
Global
	GlobalSection(SolutionConfigurationPlatforms) = preSolution
		Debug|Any CPU = Debug|Any CPU
		Release|Any CPU = Release|Any CPU
	EndGlobalSection
	GlobalSection(ProjectConfigurationPlatforms) = postSolution
		{BEFC032F-1DA0-3136-C0F2-6E943FAFF914}.Debug|Any CPU.ActiveCfg = Debug|Any CPU
		{BEFC032F-1DA0-3136-C0F2-6E943FAFF914}.Debug|Any CPU.Build.0 = Debug|Any CPU
		{BEFC032F-1DA0-3136-C0F2-6E943FAFF914}.Release|Any CPU.ActiveCfg = Release|Any CPU
		{BEFC032F-1DA0-3136-C0F2-6E943FAFF914}.Release|Any CPU.Build.0 = Release|Any CPU
		{AD35B0E5-83CE-A5E4-6468-0FB4919BCA0A}.Debug|Any CPU.ActiveCfg = Debug|Any CPU
		{AD35B0E5-83CE-A5E4-6468-0FB4919BCA0A}.Debug|Any CPU.Build.0 = Debug|Any CPU
		{AD35B0E5-83CE-A5E4-6468-0FB4919BCA0A}.Release|Any CPU.ActiveCfg = Release|Any CPU
		{AD35B0E5-83CE-A5E4-6468-0FB4919BCA0A}.Release|Any CPU.Build.0 = Release|Any CPU
		{627C4852-2986-C8AB-9E04-5A44E9D78C44}.Debug|Any CPU.ActiveCfg = Debug|Any CPU
		{627C4852-2986-C8AB-9E04-5A44E9D78C44}.Debug|Any CPU.Build.0 = Debug|Any CPU
		{627C4852-2986-C8AB-9E04-5A44E9D78C44}.Release|Any CPU.ActiveCfg = Release|Any CPU
		{627C4852-2986-C8AB-9E04-5A44E9D78C44}.Release|Any CPU.Build.0 = Release|Any CPU
		{D6535FE4-25DD-F939-7831-834964FF5D20}.Debug|Any CPU.ActiveCfg = Debug|Any CPU
		{D6535FE4-25DD-F939-7831-834964FF5D20}.Debug|Any CPU.Build.0 = Debug|Any CPU
		{D6535FE4-25DD-F939-7831-834964FF5D20}.Release|Any CPU.ActiveCfg = Release|Any CPU
		{D6535FE4-25DD-F939-7831-834964FF5D20}.Release|Any CPU.Build.0 = Release|Any CPU
		{8312B0E5-53F2-8AA5-0C82-3D1680C12310}.Debug|Any CPU.ActiveCfg = Debug|Any CPU
		{8312B0E5-53F2-8AA5-0C82-3D1680C12310}.Debug|Any CPU.Build.0 = Debug|Any CPU
		{8312B0E5-53F2-8AA5-0C82-3D1680C12310}.Release|Any CPU.ActiveCfg = Release|Any CPU
		{8312B0E5-53F2-8AA5-0C82-3D1680C12310}.Release|Any CPU.Build.0 = Release|Any CPU
		{FBD5C0B0-AC56-A059-D68B-225AA34E1FDE}.Debug|Any CPU.ActiveCfg = Debug|Any CPU
		{FBD5C0B0-AC56-A059-D68B-225AA34E1FDE}.Debug|Any CPU.Build.0 = Debug|Any CPU
		{FBD5C0B0-AC56-A059-D68B-225AA34E1FDE}.Release|Any CPU.ActiveCfg = Release|Any CPU
		{FBD5C0B0-AC56-A059-D68B-225AA34E1FDE}.Release|Any CPU.Build.0 = Release|Any CPU
		{4565893A-5D88-76ED-52BA-7F646C93AA0D}.Debug|Any CPU.ActiveCfg = Debug|Any CPU
		{4565893A-5D88-76ED-52BA-7F646C93AA0D}.Debug|Any CPU.Build.0 = Debug|Any CPU
		{4565893A-5D88-76ED-52BA-7F646C93AA0D}.Release|Any CPU.ActiveCfg = Release|Any CPU
		{4565893A-5D88-76ED-52BA-7F646C93AA0D}.Release|Any CPU.Build.0 = Release|Any CPU
		{EB8FE94D-05B4-52F8-81C2-3B77B09E332C}.Debug|Any CPU.ActiveCfg = Debug|Any CPU
		{EB8FE94D-05B4-52F8-81C2-3B77B09E332C}.Debug|Any CPU.Build.0 = Debug|Any CPU
		{EB8FE94D-05B4-52F8-81C2-3B77B09E332C}.Release|Any CPU.ActiveCfg = Release|Any CPU
		{EB8FE94D-05B4-52F8-81C2-3B77B09E332C}.Release|Any CPU.Build.0 = Release|Any CPU
		{EE450CBF-04D6-A46F-8B21-58D9081B3DAC}.Debug|Any CPU.ActiveCfg = Debug|Any CPU
		{EE450CBF-04D6-A46F-8B21-58D9081B3DAC}.Debug|Any CPU.Build.0 = Debug|Any CPU
		{EE450CBF-04D6-A46F-8B21-58D9081B3DAC}.Release|Any CPU.ActiveCfg = Release|Any CPU
		{EE450CBF-04D6-A46F-8B21-58D9081B3DAC}.Release|Any CPU.Build.0 = Release|Any CPU
		{A687AD35-AFCC-98D0-CBDA-56D854949D34}.Debug|Any CPU.ActiveCfg = Debug|Any CPU
		{A687AD35-AFCC-98D0-CBDA-56D854949D34}.Debug|Any CPU.Build.0 = Debug|Any CPU
		{A687AD35-AFCC-98D0-CBDA-56D854949D34}.Release|Any CPU.ActiveCfg = Release|Any CPU
		{A687AD35-AFCC-98D0-CBDA-56D854949D34}.Release|Any CPU.Build.0 = Release|Any CPU
		{0AA0DD4A-523D-4CCC-14D3-BAA2F30EFA8F}.Debug|Any CPU.ActiveCfg = Debug|Any CPU
		{0AA0DD4A-523D-4CCC-14D3-BAA2F30EFA8F}.Debug|Any CPU.Build.0 = Debug|Any CPU
		{0AA0DD4A-523D-4CCC-14D3-BAA2F30EFA8F}.Release|Any CPU.ActiveCfg = Release|Any CPU
		{0AA0DD4A-523D-4CCC-14D3-BAA2F30EFA8F}.Release|Any CPU.Build.0 = Release|Any CPU
		{61F0AACC-62E8-0ED4-A7C9-77A18371AE6B}.Debug|Any CPU.ActiveCfg = Debug|Any CPU
		{61F0AACC-62E8-0ED4-A7C9-77A18371AE6B}.Debug|Any CPU.Build.0 = Debug|Any CPU
		{61F0AACC-62E8-0ED4-A7C9-77A18371AE6B}.Release|Any CPU.ActiveCfg = Release|Any CPU
		{61F0AACC-62E8-0ED4-A7C9-77A18371AE6B}.Release|Any CPU.Build.0 = Release|Any CPU
		{6066E543-6188-A440-E372-875A7F02E00F}.Debug|Any CPU.ActiveCfg = Debug|Any CPU
		{6066E543-6188-A440-E372-875A7F02E00F}.Debug|Any CPU.Build.0 = Debug|Any CPU
		{6066E543-6188-A440-E372-875A7F02E00F}.Release|Any CPU.ActiveCfg = Release|Any CPU
		{6066E543-6188-A440-E372-875A7F02E00F}.Release|Any CPU.Build.0 = Release|Any CPU
	EndGlobalSection
	GlobalSection(SolutionProperties) = preSolution
		HideSolutionNode = FALSE
	EndGlobalSection
EndGlobal
